
Microsoft Visual Studio Solution File, Format Version 12.00
# Visual Studio 14
VisualStudioVersion = 14.0.25420.1
MinimumVisualStudioVersion = 10.0.40219.1
Project("{FAE04EC0-301F-11D3-BF4B-00C04F79EFBC}") = "SimpleSlack.WebAPI", "SimpleSlack.WebAPI\SimpleSlack.WebAPI.csproj", "{BAD9C51D-0734-4B2B-B8FD-764195378BA3}"
EndProject
Project("{FAE04EC0-301F-11D3-BF4B-00C04F79EFBC}") = "SimpleSlack.WebAPI.Tests", "SimpleSlack.WebAPI.Tests\SimpleSlack.WebAPI.Tests.csproj", "{067EA47D-BBBE-4347-A142-EFBEB64044EB}"
EndProject
Project("{FAE04EC0-301F-11D3-BF4B-00C04F79EFBC}") = "SimpleSlack.WebAPI.Samples", "SimpleSlack.WebAPI.Samples\SimpleSlack.WebAPI.Samples.csproj", "{6E22662F-29DE-4C4C-97A0-53E7FA3250A7}"
EndProject
Global
	GlobalSection(SolutionConfigurationPlatforms) = preSolution
		Debug|Any CPU = Debug|Any CPU
		Release|Any CPU = Release|Any CPU
	EndGlobalSection
	GlobalSection(ProjectConfigurationPlatforms) = postSolution
		{BAD9C51D-0734-4B2B-B8FD-764195378BA3}.Debug|Any CPU.ActiveCfg = Debug|Any CPU
		{BAD9C51D-0734-4B2B-B8FD-764195378BA3}.Debug|Any CPU.Build.0 = Debug|Any CPU
		{BAD9C51D-0734-4B2B-B8FD-764195378BA3}.Release|Any CPU.ActiveCfg = Release|Any CPU
		{BAD9C51D-0734-4B2B-B8FD-764195378BA3}.Release|Any CPU.Build.0 = Release|Any CPU
		{067EA47D-BBBE-4347-A142-EFBEB64044EB}.Debug|Any CPU.ActiveCfg = Debug|Any CPU
		{067EA47D-BBBE-4347-A142-EFBEB64044EB}.Debug|Any CPU.Build.0 = Debug|Any CPU
		{067EA47D-BBBE-4347-A142-EFBEB64044EB}.Release|Any CPU.ActiveCfg = Release|Any CPU
		{067EA47D-BBBE-4347-A142-EFBEB64044EB}.Release|Any CPU.Build.0 = Release|Any CPU
		{6E22662F-29DE-4C4C-97A0-53E7FA3250A7}.Debug|Any CPU.ActiveCfg = Debug|Any CPU
		{6E22662F-29DE-4C4C-97A0-53E7FA3250A7}.Debug|Any CPU.Build.0 = Debug|Any CPU
		{6E22662F-29DE-4C4C-97A0-53E7FA3250A7}.Release|Any CPU.ActiveCfg = Release|Any CPU
		{6E22662F-29DE-4C4C-97A0-53E7FA3250A7}.Release|Any CPU.Build.0 = Release|Any CPU
	EndGlobalSection
	GlobalSection(SolutionProperties) = preSolution
		HideSolutionNode = FALSE
	EndGlobalSection
EndGlobal
